{
  "name": "graduation-latex",
  "version": "1.0.0",
  "lockfileVersion": 2,
  "requires": true,
  "packages": {
    "": {
      "name": "graduation-latex",
      "version": "1.0.0",
      "license": "ISC",
      "devDependencies": {
        "prettier": "^2.8.3",
        "prettier-plugin-latex": "^1.2.4"
      }
    },
    "node_modules/@types/unist": {
      "version": "2.0.6",
      "resolved": "https://registry.npmjs.org/@types/unist/-/unist-2.0.6.tgz",
      "integrity": "sha512-PBjIUxZHOuj0R15/xuwJYjFi+KZdNFrehocChv4g5hu6aFroHue8m0lBP0POdK2nKzbw0cgV1mws8+V/JAcEkQ==",
      "dev": true
    },
    "node_modules/@unified-latex/unified-latex-builder": {
      "version": "1.2.2",
      "resolved": "https://registry.npmjs.org/@unified-latex/unified-latex-builder/-/unified-latex-builder-1.2.2.tgz",
      "integrity": "sha512-1/pigcQJGkL0z/TCjJvCiEpfIWNEPcgpFAJyE4xp+pu1VzGB3rWYyfmoRwzuyduVwurFjjc27zr+JhKrfYH6DA==",
      "dev": true,
      "dependencies": {
        "@unified-latex/unified-latex-types": "^1.2.2"
      }
    },
    "node_modules/@unified-latex/unified-latex-ctan": {
      "version": "1.2.2",
      "resolved": "https://registry.npmjs.org/@unified-latex/unified-latex-ctan/-/unified-latex-ctan-1.2.2.tgz",
      "integrity": "sha512-XnwHdfGCs2aSpW0MllaGNmLSCOb4akQr+bKp+xPwDW2HfFM51Zd6c292UK2LrW6B6MbGSWk4gVvns1fy+DEW7A==",
      "dev": true,
      "dependencies": {
        "@unified-latex/unified-latex-builder": "^1.2.2",
        "@unified-latex/unified-latex-types": "^1.2.2",
        "@unified-latex/unified-latex-util-arguments": "^1.2.2",
        "@unified-latex/unified-latex-util-comments": "^1.2.2",
        "@unified-latex/unified-latex-util-match": "^1.2.2",
        "@unified-latex/unified-latex-util-pegjs": "^1.2.2",
        "@unified-latex/unified-latex-util-print-raw": "^1.2.2",
        "@unified-latex/unified-latex-util-render-info": "^1.2.2",
        "@unified-latex/unified-latex-util-replace": "^1.2.2",
        "@unified-latex/unified-latex-util-split": "^1.2.2",
        "@unified-latex/unified-latex-util-trim": "^1.2.2",
        "@unified-latex/unified-latex-util-visit": "^1.2.2",
        "color": "^4.2.3"
      }
    },
    "node_modules/@unified-latex/unified-latex-prettier": {
      "version": "1.2.2",
      "resolved": "https://registry.npmjs.org/@unified-latex/unified-latex-prettier/-/unified-latex-prettier-1.2.2.tgz",
      "integrity": "sha512-mJttjOMqaCeu0vpZRfGS1eC7BiPzLmDKO27d1Wl5/YhXFKPZ58RuDA+QpQgMmdoZdqoQm0RfuJVjQqnRu1QIgQ==",
      "dev": true,
      "dependencies": {
        "@unified-latex/unified-latex-types": "^1.2.2",
        "@unified-latex/unified-latex-util-align": "^1.2.2",
        "@unified-latex/unified-latex-util-match": "^1.2.2",
        "@unified-latex/unified-latex-util-parse": "^1.2.2",
        "@unified-latex/unified-latex-util-pgfkeys": "^1.2.2",
        "@unified-latex/unified-latex-util-print-raw": "^1.2.2",
        "@unified-latex/unified-latex-util-trim": "^1.2.2",
        "@unified-latex/unified-latex-util-visit": "^1.2.2",
        "prettier": "^2.6.2",
        "unified": "^10.1.2"
      }
    },
    "node_modules/@unified-latex/unified-latex-types": {
      "version": "1.2.2",
      "resolved": "https://registry.npmjs.org/@unified-latex/unified-latex-types/-/unified-latex-types-1.2.2.tgz",
      "integrity": "sha512-5baepxZRFTa4t1C3Msfhd7HNwxhEW19bKuHEKw8jVQb3Di7b9L4Q/K5yDcfr4C3jgX7wIZe31ib48rJWyXQ35Q==",
      "dev": true
    },
    "node_modules/@unified-latex/unified-latex-util-align": {
      "version": "1.2.2",
      "resolved": "https://registry.npmjs.org/@unified-latex/unified-latex-util-align/-/unified-latex-util-align-1.2.2.tgz",
      "integrity": "sha512-TVaxqblB0TA9T025wKuT1c6A/8Vg5yhGiLfa/n8tMN5hvn70trkRm0zHXaqihBvYuz0UzzxmyM7Lghxg8dSkbg==",
      "dev": true,
      "dependencies": {
        "@unified-latex/unified-latex-types": "^1.2.2",
        "@unified-latex/unified-latex-util-match": "^1.2.2",
        "@unified-latex/unified-latex-util-pegjs": "^1.2.2"
      }
    },
    "node_modules/@unified-latex/unified-latex-util-argspec": {
      "version": "1.2.2",
      "resolved": "https://registry.npmjs.org/@unified-latex/unified-latex-util-argspec/-/unified-latex-util-argspec-1.2.2.tgz",
      "integrity": "sha512-v8EVoTt7gZm8ciSA2+OTi3iXmzKfdNI2ZAdBJX0nLceedOCm93cwLnRjPBetCj3xy+Y93w7uE0lLa+lkAmVmGA==",
      "dev": true,
      "dependencies": {
        "@unified-latex/unified-latex-util-pegjs": "^1.2.2"
      }
    },
    "node_modules/@unified-latex/unified-latex-util-arguments": {
      "version": "1.2.2",
      "resolved": "https://registry.npmjs.org/@unified-latex/unified-latex-util-arguments/-/unified-latex-util-arguments-1.2.2.tgz",
      "integrity": "sha512-FxJVRKI5Xx3kvtIB1qKrFxT/niNguq1LC6X7dloLK9G/Esq2ibUxv+56EgTyix+T/cSAwE5iKvGjF3o/aFaGig==",
      "dev": true,
      "dependencies": {
        "@unified-latex/unified-latex-builder": "^1.2.2",
        "@unified-latex/unified-latex-types": "^1.2.2",
        "@unified-latex/unified-latex-util-argspec": "^1.2.2",
        "@unified-latex/unified-latex-util-match": "^1.2.2",
        "@unified-latex/unified-latex-util-render-info": "^1.2.2",
        "@unified-latex/unified-latex-util-visit": "^1.2.2",
        "unified": "^10.1.2"
      }
    },
    "node_modules/@unified-latex/unified-latex-util-catcode": {
      "version": "1.2.2",
      "resolved": "https://registry.npmjs.org/@unified-latex/unified-latex-util-catcode/-/unified-latex-util-catcode-1.2.2.tgz",
      "integrity": "sha512-nkw8AmIBxav2CXpeaGziKicafpJfwrxP4vB5HYNj/QrKpaKUHYyI0w8o0se0AjfqYtgFywihRfbq0++fQUebqQ==",
      "dev": true,
      "dependencies": {
        "@unified-latex/unified-latex-types": "^1.2.2",
        "@unified-latex/unified-latex-util-match": "^1.2.2",
        "@unified-latex/unified-latex-util-visit": "^1.2.2"
      }
    },
    "node_modules/@unified-latex/unified-latex-util-comments": {
      "version": "1.2.2",
      "resolved": "https://registry.npmjs.org/@unified-latex/unified-latex-util-comments/-/unified-latex-util-comments-1.2.2.tgz",
      "integrity": "sha512-FdP3qcNNVS15TlJqA2aBSCPRNc6nYvqavTRuYVt8uUqH8jvM531Ey8ZhD+p5L17Bb9ssAz1JcldAa5c41G1sJg==",
      "dev": true,
      "dependencies": {
        "@unified-latex/unified-latex-types": "^1.2.2",
        "@unified-latex/unified-latex-util-match": "^1.2.2",
        "@unified-latex/unified-latex-util-replace": "^1.2.2"
      }
    },
    "node_modules/@unified-latex/unified-latex-util-environments": {
      "version": "1.2.2",
      "resolved": "https://registry.npmjs.org/@unified-latex/unified-latex-util-environments/-/unified-latex-util-environments-1.2.2.tgz",
      "integrity": "sha512-ONvwdXCbq+GzXJpx8c4GB0rslOHhzR0U18RI46YZrVbqNAR4AunRCVmeYPdzzUj+5ah14DltsCmfsIVfbIzFjA==",
      "dev": true,
      "dependencies": {
        "@unified-latex/unified-latex-types": "^1.2.2",
        "@unified-latex/unified-latex-util-arguments": "^1.2.2",
        "@unified-latex/unified-latex-util-match": "^1.2.2",
        "@unified-latex/unified-latex-util-print-raw": "^1.2.2",
        "@unified-latex/unified-latex-util-render-info": "^1.2.2",
        "@unified-latex/unified-latex-util-visit": "^1.2.2",
        "unified": "^10.1.2"
      }
    },
    "node_modules/@unified-latex/unified-latex-util-match": {
      "version": "1.2.3",
      "resolved": "https://registry.npmjs.org/@unified-latex/unified-latex-util-match/-/unified-latex-util-match-1.2.3.tgz",
      "integrity": "sha512-I20HHGmXGDh3lT12MmN9HVNb3IpZeK9Ro+tybp5/1cYnYyfRbKHxNgP39Ry+/8xoK+OlykIKuBI6eL6Uny1vcg==",
      "dev": true,
      "dependencies": {
        "@unified-latex/unified-latex-types": "^1.2.2",
        "@unified-latex/unified-latex-util-print-raw": "^1.2.2"
      }
    },
    "node_modules/@unified-latex/unified-latex-util-parse": {
      "version": "1.2.2",
      "resolved": "https://registry.npmjs.org/@unified-latex/unified-latex-util-parse/-/unified-latex-util-parse-1.2.2.tgz",
      "integrity": "sha512-hdWmsAuM0sf4oKi6jh91e1rHuMhPgNPZC4zlQMrH+0r/EI3yx8C/K3QA5P4D2Sp5XRLM+JQQ9uvy1oHjk7OxQg==",
      "dev": true,
      "dependencies": {
        "@unified-latex/unified-latex-ctan": "^1.2.2",
        "@unified-latex/unified-latex-types": "^1.2.2",
        "@unified-latex/unified-latex-util-arguments": "^1.2.2",
        "@unified-latex/unified-latex-util-catcode": "^1.2.2",
        "@unified-latex/unified-latex-util-environments": "^1.2.2",
        "@unified-latex/unified-latex-util-match": "^1.2.2",
        "@unified-latex/unified-latex-util-pegjs": "^1.2.2",
        "@unified-latex/unified-latex-util-print-raw": "^1.2.2",
        "@unified-latex/unified-latex-util-trim": "^1.2.2",
        "@unified-latex/unified-latex-util-visit": "^1.2.2",
        "unified": "^10.1.2"
      }
    },
    "node_modules/@unified-latex/unified-latex-util-pegjs": {
      "version": "1.2.2",
      "resolved": "https://registry.npmjs.org/@unified-latex/unified-latex-util-pegjs/-/unified-latex-util-pegjs-1.2.2.tgz",
      "integrity": "sha512-OADoYSkASJnA5hkej/l9NHH1RuMSp1rD+R8+KDiITSmUsxFCpd9Z0JfGnE0tZVypigVGygc2RXf9OMdYHWuOHA==",
      "dev": true,
      "dependencies": {
        "@unified-latex/unified-latex-types": "^1.2.2",
        "@unified-latex/unified-latex-util-match": "^1.2.2"
      }
    },
    "node_modules/@unified-latex/unified-latex-util-pgfkeys": {
      "version": "1.2.2",
      "resolved": "https://registry.npmjs.org/@unified-latex/unified-latex-util-pgfkeys/-/unified-latex-util-pgfkeys-1.2.2.tgz",
      "integrity": "sha512-U835pfbk7e9Rynzd+pwYXkL3Mbrusip1iu/jqHFldplEEQU05EQsmZ28pQgOkks73cAS6Pwqg6ZX5tai39A0+w==",
      "dev": true,
      "dependencies": {
        "@unified-latex/unified-latex-types": "^1.2.2",
        "@unified-latex/unified-latex-util-match": "^1.2.2",
        "@unified-latex/unified-latex-util-pegjs": "^1.2.2",
        "@unified-latex/unified-latex-util-print-raw": "^1.2.2"
      }
    },
    "node_modules/@unified-latex/unified-latex-util-print-raw": {
      "version": "1.2.2",
      "resolved": "https://registry.npmjs.org/@unified-latex/unified-latex-util-print-raw/-/unified-latex-util-print-raw-1.2.2.tgz",
      "integrity": "sha512-CjkgOC+2UjvMwCO6zFIvAgG5jcgymHSWwoaKa44VdWpSkSRt6xpVFJ/t0BcETLoD9z87J66ha/jOZDnuIwh4Kg==",
      "dev": true,
      "dependencies": {
        "@unified-latex/unified-latex-types": "^1.2.2"
      }
    },
    "node_modules/@unified-latex/unified-latex-util-render-info": {
      "version": "1.2.2",
      "resolved": "https://registry.npmjs.org/@unified-latex/unified-latex-util-render-info/-/unified-latex-util-render-info-1.2.2.tgz",
      "integrity": "sha512-RwLH2l6+Ovt9zpb0rT2fuSrHyQqVHnOoxFl6vctl+mkMU0OufSODzMEpsIJXd2saoMxpj5dVGsujNYDzGtv77A==",
      "dev": true,
      "dependencies": {
        "@unified-latex/unified-latex-types": "^1.2.2",
        "@unified-latex/unified-latex-util-visit": "^1.2.2"
      }
    },
    "node_modules/@unified-latex/unified-latex-util-replace": {
      "version": "1.2.2",
      "resolved": "https://registry.npmjs.org/@unified-latex/unified-latex-util-replace/-/unified-latex-util-replace-1.2.2.tgz",
      "integrity": "sha512-sxEtUESs9KcOwPlZ4eb9mDtfIV6FxS8cXuo1EAsnvI7+gxvFZqLLcG1jPTRI4irD0DUhYQx+EkmEoiTDxqqvEA==",
      "dev": true,
      "dependencies": {
        "@unified-latex/unified-latex-types": "^1.2.2",
        "@unified-latex/unified-latex-util-match": "^1.2.2",
        "@unified-latex/unified-latex-util-split": "^1.2.2",
        "@unified-latex/unified-latex-util-trim": "^1.2.2",
        "@unified-latex/unified-latex-util-visit": "^1.2.2",
        "unified": "^10.1.2"
      }
    },
    "node_modules/@unified-latex/unified-latex-util-split": {
      "version": "1.2.2",
      "resolved": "https://registry.npmjs.org/@unified-latex/unified-latex-util-split/-/unified-latex-util-split-1.2.2.tgz",
      "integrity": "sha512-Gv+Y/7FxD56a1czl52Tf9PIjGiagTAYpqqDz9PMxKRb2LrRp+2ZWg9i6w7p2RWX2cYCjt6G9qoxbeiUPylBhaQ==",
      "dev": true,
      "dependencies": {
        "@unified-latex/unified-latex-types": "^1.2.2",
        "@unified-latex/unified-latex-util-match": "^1.2.2"
      }
    },
    "node_modules/@unified-latex/unified-latex-util-trim": {
      "version": "1.2.2",
      "resolved": "https://registry.npmjs.org/@unified-latex/unified-latex-util-trim/-/unified-latex-util-trim-1.2.2.tgz",
      "integrity": "sha512-oChCqqAs5pvn7gSXCgyh4EoDTIS7fc+AasJw8N7c+1CHKaMD9Vyq8IRMyHMODJ3Bk3CigPYTdLAwh4mpoUsFuw==",
      "dev": true,
      "dependencies": {
        "@unified-latex/unified-latex-types": "^1.2.2",
        "@unified-latex/unified-latex-util-match": "^1.2.2",
        "@unified-latex/unified-latex-util-render-info": "^1.2.2",
        "@unified-latex/unified-latex-util-visit": "^1.2.2",
        "unified": "^10.1.2"
      }
    },
    "node_modules/@unified-latex/unified-latex-util-visit": {
      "version": "1.2.2",
      "resolved": "https://registry.npmjs.org/@unified-latex/unified-latex-util-visit/-/unified-latex-util-visit-1.2.2.tgz",
      "integrity": "sha512-3HKoiyu7WplP7rMyfaEveokUUk7x4nqpQfUdFRQu0dhWS3ltg+7mK+1BLnu/OsRWyXNCWlITJ/VoHAhrEiNqvQ==",
      "dev": true,
      "dependencies": {
        "@unified-latex/unified-latex-types": "^1.2.2",
        "@unified-latex/unified-latex-util-match": "^1.2.2"
      }
    },
    "node_modules/bail": {
      "version": "2.0.2",
      "resolved": "https://registry.npmjs.org/bail/-/bail-2.0.2.tgz",
      "integrity": "sha512-0xO6mYd7JB2YesxDKplafRpsiOzPt9V02ddPCLbY1xYGPOX24NTyN50qnUxgCPcSoYMhKpAuBTjQoRZCAkUDRw==",
      "dev": true,
      "funding": {
        "type": "github",
        "url": "https://github.com/sponsors/wooorm"
      }
    },
    "node_modules/color": {
      "version": "4.2.3",
      "resolved": "https://registry.npmjs.org/color/-/color-4.2.3.tgz",
      "integrity": "sha512-1rXeuUUiGGrykh+CeBdu5Ie7OJwinCgQY0bc7GCRxy5xVHy+moaqkpL/jqQq0MtQOeYcrqEz4abc5f0KtU7W4A==",
      "dev": true,
      "dependencies": {
        "color-convert": "^2.0.1",
        "color-string": "^1.9.0"
      },
      "engines": {
        "node": ">=12.5.0"
      }
    },
    "node_modules/color-convert": {
      "version": "2.0.1",
      "resolved": "https://registry.npmjs.org/color-convert/-/color-convert-2.0.1.tgz",
      "integrity": "sha512-RRECPsj7iu/xb5oKYcsFHSppFNnsj/52OVTRKb4zP5onXwVF3zVmmToNcOfGC+CRDpfK/U584fMg38ZHCaElKQ==",
      "dev": true,
      "dependencies": {
        "color-name": "~1.1.4"
      },
      "engines": {
        "node": ">=7.0.0"
      }
    },
    "node_modules/color-name": {
      "version": "1.1.4",
      "resolved": "https://registry.npmjs.org/color-name/-/color-name-1.1.4.tgz",
      "integrity": "sha512-dOy+3AuW3a2wNbZHIuMZpTcgjGuLU/uBL/ubcZF9OXbDo8ff4O8yVp5Bf0efS8uEoYo5q4Fx7dY9OgQGXgAsQA==",
      "dev": true
    },
    "node_modules/color-string": {
      "version": "1.9.1",
      "resolved": "https://registry.npmjs.org/color-string/-/color-string-1.9.1.tgz",
      "integrity": "sha512-shrVawQFojnZv6xM40anx4CkoDP+fZsw/ZerEMsW/pyzsRbElpsL/DBVW7q3ExxwusdNXI3lXpuhEZkzs8p5Eg==",
      "dev": true,
      "dependencies": {
        "color-name": "^1.0.0",
        "simple-swizzle": "^0.2.2"
      }
    },
    "node_modules/extend": {
      "version": "3.0.2",
      "resolved": "https://registry.npmjs.org/extend/-/extend-3.0.2.tgz",
      "integrity": "sha512-fjquC59cD7CyW6urNXK0FBufkZcoiGG80wTuPujX590cB5Ttln20E2UB4S/WARVqhXffZl2LNgS+gQdPIIim/g==",
      "dev": true
    },
    "node_modules/is-arrayish": {
      "version": "0.3.2",
      "resolved": "https://registry.npmjs.org/is-arrayish/-/is-arrayish-0.3.2.tgz",
      "integrity": "sha512-eVRqCvVlZbuw3GrM63ovNSNAeA1K16kaR/LRY/92w0zxQ5/1YzwblUX652i4Xs9RwAGjW9d9y6X88t8OaAJfWQ==",
      "dev": true
    },
    "node_modules/is-buffer": {
      "version": "2.0.5",
      "resolved": "https://registry.npmjs.org/is-buffer/-/is-buffer-2.0.5.tgz",
      "integrity": "sha512-i2R6zNFDwgEHJyQUtJEk0XFi1i0dPFn/oqjK3/vPCcDeJvW5NQ83V8QbicfF1SupOaB0h8ntgBC2YiE7dfyctQ==",
      "dev": true,
      "funding": [
        {
          "type": "github",
          "url": "https://github.com/sponsors/feross"
        },
        {
          "type": "patreon",
          "url": "https://www.patreon.com/feross"
        },
        {
          "type": "consulting",
          "url": "https://feross.org/support"
        }
      ],
      "engines": {
        "node": ">=4"
      }
    },
    "node_modules/is-plain-obj": {
      "version": "4.1.0",
      "resolved": "https://registry.npmjs.org/is-plain-obj/-/is-plain-obj-4.1.0.tgz",
      "integrity": "sha512-+Pgi+vMuUNkJyExiMBt5IlFoMyKnr5zhJ4Uspz58WOhBF5QoIZkFyNHIbBAtHwzVAgk5RtndVNsDRN61/mmDqg==",
      "dev": true,
      "engines": {
        "node": ">=12"
      },
      "funding": {
        "url": "https://github.com/sponsors/sindresorhus"
      }
    },
    "node_modules/prettier": {
      "version": "2.8.3",
      "resolved": "https://registry.npmjs.org/prettier/-/prettier-2.8.3.tgz",
      "integrity": "sha512-tJ/oJ4amDihPoufT5sM0Z1SKEuKay8LfVAMlbbhnnkvt6BUserZylqo2PN+p9KeljLr0OHa2rXHU1T8reeoTrw==",
      "dev": true,
      "bin": {
        "prettier": "bin-prettier.js"
      },
      "engines": {
        "node": ">=10.13.0"
      },
      "funding": {
        "url": "https://github.com/prettier/prettier?sponsor=1"
      }
    },
    "node_modules/prettier-plugin-latex": {
      "version": "1.2.4",
      "resolved": "https://registry.npmjs.org/prettier-plugin-latex/-/prettier-plugin-latex-1.2.4.tgz",
      "integrity": "sha512-FY83lz01385CK+cW4pC642oftuo1fqXRfyOoszEIno3ZwRqCeUTPb6gMX2ARse3xrvaua9FTY4q6v8l/h6DUGQ==",
      "dev": true,
      "dependencies": {
        "@unified-latex/unified-latex-prettier": "^1.0.5",
        "@unified-latex/unified-latex-util-parse": "^1.0.5",
        "@unified-latex/unified-latex-util-print-raw": "^1.0.5",
        "prettier": "^2.6.2"
      },
      "engines": {
        "node": ">= 10.0"
      }
    },
    "node_modules/simple-swizzle": {
      "version": "0.2.2",
      "resolved": "https://registry.npmjs.org/simple-swizzle/-/simple-swizzle-0.2.2.tgz",
      "integrity": "sha512-JA//kQgZtbuY83m+xT+tXJkmJncGMTFT+C+g2h2R9uxkYIrE2yy9sgmcLhCnw57/WSD+Eh3J97FPEDFnbXnDUg==",
      "dev": true,
      "dependencies": {
        "is-arrayish": "^0.3.1"
      }
    },
    "node_modules/trough": {
      "version": "2.1.0",
      "resolved": "https://registry.npmjs.org/trough/-/trough-2.1.0.tgz",
      "integrity": "sha512-AqTiAOLcj85xS7vQ8QkAV41hPDIJ71XJB4RCUrzo/1GM2CQwhkJGaf9Hgr7BOugMRpgGUrqRg/DrBDl4H40+8g==",
      "dev": true,
      "funding": {
        "type": "github",
        "url": "https://github.com/sponsors/wooorm"
      }
    },
    "node_modules/unified": {
      "version": "10.1.2",
      "resolved": "https://registry.npmjs.org/unified/-/unified-10.1.2.tgz",
      "integrity": "sha512-pUSWAi/RAnVy1Pif2kAoeWNBa3JVrx0MId2LASj8G+7AiHWoKZNTomq6LG326T68U7/e263X6fTdcXIy7XnF7Q==",
      "dev": true,
      "dependencies": {
        "@types/unist": "^2.0.0",
        "bail": "^2.0.0",
        "extend": "^3.0.0",
        "is-buffer": "^2.0.0",
        "is-plain-obj": "^4.0.0",
        "trough": "^2.0.0",
        "vfile": "^5.0.0"
      },
      "funding": {
        "type": "opencollective",
        "url": "https://opencollective.com/unified"
      }
    },
    "node_modules/unist-util-stringify-position": {
      "version": "3.0.3",
      "resolved": "https://registry.npmjs.org/unist-util-stringify-position/-/unist-util-stringify-position-3.0.3.tgz",
      "integrity": "sha512-k5GzIBZ/QatR8N5X2y+drfpWG8IDBzdnVj6OInRNWm1oXrzydiaAT2OQiA8DPRRZyAKb9b6I2a6PxYklZD0gKg==",
      "dev": true,
      "dependencies": {
        "@types/unist": "^2.0.0"
      },
      "funding": {
        "type": "opencollective",
        "url": "https://opencollective.com/unified"
      }
    },
    "node_modules/vfile": {
      "version": "5.3.6",
      "resolved": "https://registry.npmjs.org/vfile/-/vfile-5.3.6.tgz",
      "integrity": "sha512-ADBsmerdGBs2WYckrLBEmuETSPyTD4TuLxTrw0DvjirxW1ra4ZwkbzG8ndsv3Q57smvHxo677MHaQrY9yxH8cA==",
      "dev": true,
      "dependencies": {
        "@types/unist": "^2.0.0",
        "is-buffer": "^2.0.0",
        "unist-util-stringify-position": "^3.0.0",
        "vfile-message": "^3.0.0"
      },
      "funding": {
        "type": "opencollective",
        "url": "https://opencollective.com/unified"
      }
    },
    "node_modules/vfile-message": {
      "version": "3.1.3",
      "resolved": "https://registry.npmjs.org/vfile-message/-/vfile-message-3.1.3.tgz",
      "integrity": "sha512-0yaU+rj2gKAyEk12ffdSbBfjnnj+b1zqTBv3OQCTn8yEB02bsPizwdBPrLJjHnK+cU9EMMcUnNv938XcZIkmdA==",
      "dev": true,
      "dependencies": {
        "@types/unist": "^2.0.0",
        "unist-util-stringify-position": "^3.0.0"
      },
      "funding": {
        "type": "opencollective",
        "url": "https://opencollective.com/unified"
      }
    }
  },
  "dependencies": {
    "@types/unist": {
      "version": "2.0.6",
      "resolved": "https://registry.npmjs.org/@types/unist/-/unist-2.0.6.tgz",
      "integrity": "sha512-PBjIUxZHOuj0R15/xuwJYjFi+KZdNFrehocChv4g5hu6aFroHue8m0lBP0POdK2nKzbw0cgV1mws8+V/JAcEkQ==",
      "dev": true
    },
    "@unified-latex/unified-latex-builder": {
      "version": "1.2.2",
      "resolved": "https://registry.npmjs.org/@unified-latex/unified-latex-builder/-/unified-latex-builder-1.2.2.tgz",
      "integrity": "sha512-1/pigcQJGkL0z/TCjJvCiEpfIWNEPcgpFAJyE4xp+pu1VzGB3rWYyfmoRwzuyduVwurFjjc27zr+JhKrfYH6DA==",
      "dev": true,
      "requires": {
        "@unified-latex/unified-latex-types": "^1.2.2"
      }
    },
    "@unified-latex/unified-latex-ctan": {
      "version": "1.2.2",
      "resolved": "https://registry.npmjs.org/@unified-latex/unified-latex-ctan/-/unified-latex-ctan-1.2.2.tgz",
      "integrity": "sha512-XnwHdfGCs2aSpW0MllaGNmLSCOb4akQr+bKp+xPwDW2HfFM51Zd6c292UK2LrW6B6MbGSWk4gVvns1fy+DEW7A==",
      "dev": true,
      "requires": {
        "@unified-latex/unified-latex-builder": "^1.2.2",
        "@unified-latex/unified-latex-types": "^1.2.2",
        "@unified-latex/unified-latex-util-arguments": "^1.2.2",
        "@unified-latex/unified-latex-util-comments": "^1.2.2",
        "@unified-latex/unified-latex-util-match": "^1.2.2",
        "@unified-latex/unified-latex-util-pegjs": "^1.2.2",
        "@unified-latex/unified-latex-util-print-raw": "^1.2.2",
        "@unified-latex/unified-latex-util-render-info": "^1.2.2",
        "@unified-latex/unified-latex-util-replace": "^1.2.2",
        "@unified-latex/unified-latex-util-split": "^1.2.2",
        "@unified-latex/unified-latex-util-trim": "^1.2.2",
        "@unified-latex/unified-latex-util-visit": "^1.2.2",
        "color": "^4.2.3"
      }
    },
    "@unified-latex/unified-latex-prettier": {
      "version": "1.2.2",
      "resolved": "https://registry.npmjs.org/@unified-latex/unified-latex-prettier/-/unified-latex-prettier-1.2.2.tgz",
      "integrity": "sha512-mJttjOMqaCeu0vpZRfGS1eC7BiPzLmDKO27d1Wl5/YhXFKPZ58RuDA+QpQgMmdoZdqoQm0RfuJVjQqnRu1QIgQ==",
      "dev": true,
      "requires": {
        "@unified-latex/unified-latex-types": "^1.2.2",
        "@unified-latex/unified-latex-util-align": "^1.2.2",
        "@unified-latex/unified-latex-util-match": "^1.2.2",
        "@unified-latex/unified-latex-util-parse": "^1.2.2",
        "@unified-latex/unified-latex-util-pgfkeys": "^1.2.2",
        "@unified-latex/unified-latex-util-print-raw": "^1.2.2",
        "@unified-latex/unified-latex-util-trim": "^1.2.2",
        "@unified-latex/unified-latex-util-visit": "^1.2.2",
        "prettier": "^2.6.2",
        "unified": "^10.1.2"
      }
    },
    "@unified-latex/unified-latex-types": {
      "version": "1.2.2",
      "resolved": "https://registry.npmjs.org/@unified-latex/unified-latex-types/-/unified-latex-types-1.2.2.tgz",
      "integrity": "sha512-5baepxZRFTa4t1C3Msfhd7HNwxhEW19bKuHEKw8jVQb3Di7b9L4Q/K5yDcfr4C3jgX7wIZe31ib48rJWyXQ35Q==",
      "dev": true
    },
    "@unified-latex/unified-latex-util-align": {
      "version": "1.2.2",
      "resolved": "https://registry.npmjs.org/@unified-latex/unified-latex-util-align/-/unified-latex-util-align-1.2.2.tgz",
      "integrity": "sha512-TVaxqblB0TA9T025wKuT1c6A/8Vg5yhGiLfa/n8tMN5hvn70trkRm0zHXaqihBvYuz0UzzxmyM7Lghxg8dSkbg==",
      "dev": true,
      "requires": {
        "@unified-latex/unified-latex-types": "^1.2.2",
        "@unified-latex/unified-latex-util-match": "^1.2.2",
        "@unified-latex/unified-latex-util-pegjs": "^1.2.2"
      }
    },
    "@unified-latex/unified-latex-util-argspec": {
      "version": "1.2.2",
      "resolved": "https://registry.npmjs.org/@unified-latex/unified-latex-util-argspec/-/unified-latex-util-argspec-1.2.2.tgz",
      "integrity": "sha512-v8EVoTt7gZm8ciSA2+OTi3iXmzKfdNI2ZAdBJX0nLceedOCm93cwLnRjPBetCj3xy+Y93w7uE0lLa+lkAmVmGA==",
      "dev": true,
      "requires": {
        "@unified-latex/unified-latex-util-pegjs": "^1.2.2"
      }
    },
    "@unified-latex/unified-latex-util-arguments": {
      "version": "1.2.2",
      "resolved": "https://registry.npmjs.org/@unified-latex/unified-latex-util-arguments/-/unified-latex-util-arguments-1.2.2.tgz",
      "integrity": "sha512-FxJVRKI5Xx3kvtIB1qKrFxT/niNguq1LC6X7dloLK9G/Esq2ibUxv+56EgTyix+T/cSAwE5iKvGjF3o/aFaGig==",
      "dev": true,
      "requires": {
        "@unified-latex/unified-latex-builder": "^1.2.2",
        "@unified-latex/unified-latex-types": "^1.2.2",
        "@unified-latex/unified-latex-util-argspec": "^1.2.2",
        "@unified-latex/unified-latex-util-match": "^1.2.2",
        "@unified-latex/unified-latex-util-render-info": "^1.2.2",
        "@unified-latex/unified-latex-util-visit": "^1.2.2",
        "unified": "^10.1.2"
      }
    },
    "@unified-latex/unified-latex-util-catcode": {
      "version": "1.2.2",
      "resolved": "https://registry.npmjs.org/@unified-latex/unified-latex-util-catcode/-/unified-latex-util-catcode-1.2.2.tgz",
      "integrity": "sha512-nkw8AmIBxav2CXpeaGziKicafpJfwrxP4vB5HYNj/QrKpaKUHYyI0w8o0se0AjfqYtgFywihRfbq0++fQUebqQ==",
      "dev": true,
      "requires": {
        "@unified-latex/unified-latex-types": "^1.2.2",
        "@unified-latex/unified-latex-util-match": "^1.2.2",
        "@unified-latex/unified-latex-util-visit": "^1.2.2"
      }
    },
    "@unified-latex/unified-latex-util-comments": {
      "version": "1.2.2",
      "resolved": "https://registry.npmjs.org/@unified-latex/unified-latex-util-comments/-/unified-latex-util-comments-1.2.2.tgz",
      "integrity": "sha512-FdP3qcNNVS15TlJqA2aBSCPRNc6nYvqavTRuYVt8uUqH8jvM531Ey8ZhD+p5L17Bb9ssAz1JcldAa5c41G1sJg==",
      "dev": true,
      "requires": {
        "@unified-latex/unified-latex-types": "^1.2.2",
        "@unified-latex/unified-latex-util-match": "^1.2.2",
        "@unified-latex/unified-latex-util-replace": "^1.2.2"
      }
    },
    "@unified-latex/unified-latex-util-environments": {
      "version": "1.2.2",
      "resolved": "https://registry.npmjs.org/@unified-latex/unified-latex-util-environments/-/unified-latex-util-environments-1.2.2.tgz",
      "integrity": "sha512-ONvwdXCbq+GzXJpx8c4GB0rslOHhzR0U18RI46YZrVbqNAR4AunRCVmeYPdzzUj+5ah14DltsCmfsIVfbIzFjA==",
      "dev": true,
      "requires": {
        "@unified-latex/unified-latex-types": "^1.2.2",
        "@unified-latex/unified-latex-util-arguments": "^1.2.2",
        "@unified-latex/unified-latex-util-match": "^1.2.2",
        "@unified-latex/unified-latex-util-print-raw": "^1.2.2",
        "@unified-latex/unified-latex-util-render-info": "^1.2.2",
        "@unified-latex/unified-latex-util-visit": "^1.2.2",
        "unified": "^10.1.2"
      }
    },
    "@unified-latex/unified-latex-util-match": {
      "version": "1.2.3",
      "resolved": "https://registry.npmjs.org/@unified-latex/unified-latex-util-match/-/unified-latex-util-match-1.2.3.tgz",
      "integrity": "sha512-I20HHGmXGDh3lT12MmN9HVNb3IpZeK9Ro+tybp5/1cYnYyfRbKHxNgP39Ry+/8xoK+OlykIKuBI6eL6Uny1vcg==",
      "dev": true,
      "requires": {
        "@unified-latex/unified-latex-types": "^1.2.2",
        "@unified-latex/unified-latex-util-print-raw": "^1.2.2"
      }
    },
    "@unified-latex/unified-latex-util-parse": {
      "version": "1.2.2",
      "resolved": "https://registry.npmjs.org/@unified-latex/unified-latex-util-parse/-/unified-latex-util-parse-1.2.2.tgz",
      "integrity": "sha512-hdWmsAuM0sf4oKi6jh91e1rHuMhPgNPZC4zlQMrH+0r/EI3yx8C/K3QA5P4D2Sp5XRLM+JQQ9uvy1oHjk7OxQg==",
      "dev": true,
      "requires": {
        "@unified-latex/unified-latex-ctan": "^1.2.2",
        "@unified-latex/unified-latex-types": "^1.2.2",
        "@unified-latex/unified-latex-util-arguments": "^1.2.2",
        "@unified-latex/unified-latex-util-catcode": "^1.2.2",
        "@unified-latex/unified-latex-util-environments": "^1.2.2",
        "@unified-latex/unified-latex-util-match": "^1.2.2",
        "@unified-latex/unified-latex-util-pegjs": "^1.2.2",
        "@unified-latex/unified-latex-util-print-raw": "^1.2.2",
        "@unified-latex/unified-latex-util-trim": "^1.2.2",
        "@unified-latex/unified-latex-util-visit": "^1.2.2",
        "unified": "^10.1.2"
      }
    },
    "@unified-latex/unified-latex-util-pegjs": {
      "version": "1.2.2",
      "resolved": "https://registry.npmjs.org/@unified-latex/unified-latex-util-pegjs/-/unified-latex-util-pegjs-1.2.2.tgz",
      "integrity": "sha512-OADoYSkASJnA5hkej/l9NHH1RuMSp1rD+R8+KDiITSmUsxFCpd9Z0JfGnE0tZVypigVGygc2RXf9OMdYHWuOHA==",
      "dev": true,
      "requires": {
        "@unified-latex/unified-latex-types": "^1.2.2",
        "@unified-latex/unified-latex-util-match": "^1.2.2"
      }
    },
    "@unified-latex/unified-latex-util-pgfkeys": {
      "version": "1.2.2",
      "resolved": "https://registry.npmjs.org/@unified-latex/unified-latex-util-pgfkeys/-/unified-latex-util-pgfkeys-1.2.2.tgz",
      "integrity": "sha512-U835pfbk7e9Rynzd+pwYXkL3Mbrusip1iu/jqHFldplEEQU05EQsmZ28pQgOkks73cAS6Pwqg6ZX5tai39A0+w==",
      "dev": true,
      "requires": {
        "@unified-latex/unified-latex-types": "^1.2.2",
        "@unified-latex/unified-latex-util-match": "^1.2.2",
        "@unified-latex/unified-latex-util-pegjs": "^1.2.2",
        "@unified-latex/unified-latex-util-print-raw": "^1.2.2"
      }
    },
    "@unified-latex/unified-latex-util-print-raw": {
      "version": "1.2.2",
      "resolved": "https://registry.npmjs.org/@unified-latex/unified-latex-util-print-raw/-/unified-latex-util-print-raw-1.2.2.tgz",
      "integrity": "sha512-CjkgOC+2UjvMwCO6zFIvAgG5jcgymHSWwoaKa44VdWpSkSRt6xpVFJ/t0BcETLoD9z87J66ha/jOZDnuIwh4Kg==",
      "dev": true,
      "requires": {
        "@unified-latex/unified-latex-types": "^1.2.2"
      }
    },
    "@unified-latex/unified-latex-util-render-info": {
      "version": "1.2.2",
      "resolved": "https://registry.npmjs.org/@unified-latex/unified-latex-util-render-info/-/unified-latex-util-render-info-1.2.2.tgz",
      "integrity": "sha512-RwLH2l6+Ovt9zpb0rT2fuSrHyQqVHnOoxFl6vctl+mkMU0OufSODzMEpsIJXd2saoMxpj5dVGsujNYDzGtv77A==",
      "dev": true,
      "requires": {
        "@unified-latex/unified-latex-types": "^1.2.2",
        "@unified-latex/unified-latex-util-visit": "^1.2.2"
      }
    },
    "@unified-latex/unified-latex-util-replace": {
      "version": "1.2.2",
      "resolved": "https://registry.npmjs.org/@unified-latex/unified-latex-util-replace/-/unified-latex-util-replace-1.2.2.tgz",
      "integrity": "sha512-sxEtUESs9KcOwPlZ4eb9mDtfIV6FxS8cXuo1EAsnvI7+gxvFZqLLcG1jPTRI4irD0DUhYQx+EkmEoiTDxqqvEA==",
      "dev": true,
      "requires": {
        "@unified-latex/unified-latex-types": "^1.2.2",
        "@unified-latex/unified-latex-util-match": "^1.2.2",
        "@unified-latex/unified-latex-util-split": "^1.2.2",
        "@unified-latex/unified-latex-util-trim": "^1.2.2",
        "@unified-latex/unified-latex-util-visit": "^1.2.2",
        "unified": "^10.1.2"
      }
    },
    "@unified-latex/unified-latex-util-split": {
      "version": "1.2.2",
      "resolved": "https://registry.npmjs.org/@unified-latex/unified-latex-util-split/-/unified-latex-util-split-1.2.2.tgz",
      "integrity": "sha512-Gv+Y/7FxD56a1czl52Tf9PIjGiagTAYpqqDz9PMxKRb2LrRp+2ZWg9i6w7p2RWX2cYCjt6G9qoxbeiUPylBhaQ==",
      "dev": true,
      "requires": {
        "@unified-latex/unified-latex-types": "^1.2.2",
        "@unified-latex/unified-latex-util-match": "^1.2.2"
      }
    },
    "@unified-latex/unified-latex-util-trim": {
      "version": "1.2.2",
      "resolved": "https://registry.npmjs.org/@unified-latex/unified-latex-util-trim/-/unified-latex-util-trim-1.2.2.tgz",
      "integrity": "sha512-oChCqqAs5pvn7gSXCgyh4EoDTIS7fc+AasJw8N7c+1CHKaMD9Vyq8IRMyHMODJ3Bk3CigPYTdLAwh4mpoUsFuw==",
      "dev": true,
      "requires": {
        "@unified-latex/unified-latex-types": "^1.2.2",
        "@unified-latex/unified-latex-util-match": "^1.2.2",
        "@unified-latex/unified-latex-util-render-info": "^1.2.2",
        "@unified-latex/unified-latex-util-visit": "^1.2.2",
        "unified": "^10.1.2"
      }
    },
    "@unified-latex/unified-latex-util-visit": {
      "version": "1.2.2",
      "resolved": "https://registry.npmjs.org/@unified-latex/unified-latex-util-visit/-/unified-latex-util-visit-1.2.2.tgz",
      "integrity": "sha512-3HKoiyu7WplP7rMyfaEveokUUk7x4nqpQfUdFRQu0dhWS3ltg+7mK+1BLnu/OsRWyXNCWlITJ/VoHAhrEiNqvQ==",
      "dev": true,
      "requires": {
        "@unified-latex/unified-latex-types": "^1.2.2",
        "@unified-latex/unified-latex-util-match": "^1.2.2"
      }
    },
    "bail": {
      "version": "2.0.2",
      "resolved": "https://registry.npmjs.org/bail/-/bail-2.0.2.tgz",
      "integrity": "sha512-0xO6mYd7JB2YesxDKplafRpsiOzPt9V02ddPCLbY1xYGPOX24NTyN50qnUxgCPcSoYMhKpAuBTjQoRZCAkUDRw==",
      "dev": true
    },
    "color": {
      "version": "4.2.3",
      "resolved": "https://registry.npmjs.org/color/-/color-4.2.3.tgz",
      "integrity": "sha512-1rXeuUUiGGrykh+CeBdu5Ie7OJwinCgQY0bc7GCRxy5xVHy+moaqkpL/jqQq0MtQOeYcrqEz4abc5f0KtU7W4A==",
      "dev": true,
      "requires": {
        "color-convert": "^2.0.1",
        "color-string": "^1.9.0"
      }
    },
    "color-convert": {
      "version": "2.0.1",
      "resolved": "https://registry.npmjs.org/color-convert/-/color-convert-2.0.1.tgz",
      "integrity": "sha512-RRECPsj7iu/xb5oKYcsFHSppFNnsj/52OVTRKb4zP5onXwVF3zVmmToNcOfGC+CRDpfK/U584fMg38ZHCaElKQ==",
      "dev": true,
      "requires": {
        "color-name": "~1.1.4"
      }
    },
    "color-name": {
      "version": "1.1.4",
      "resolved": "https://registry.npmjs.org/color-name/-/color-name-1.1.4.tgz",
      "integrity": "sha512-dOy+3AuW3a2wNbZHIuMZpTcgjGuLU/uBL/ubcZF9OXbDo8ff4O8yVp5Bf0efS8uEoYo5q4Fx7dY9OgQGXgAsQA==",
      "dev": true
    },
    "color-string": {
      "version": "1.9.1",
      "resolved": "https://registry.npmjs.org/color-string/-/color-string-1.9.1.tgz",
      "integrity": "sha512-shrVawQFojnZv6xM40anx4CkoDP+fZsw/ZerEMsW/pyzsRbElpsL/DBVW7q3ExxwusdNXI3lXpuhEZkzs8p5Eg==",
      "dev": true,
      "requires": {
        "color-name": "^1.0.0",
        "simple-swizzle": "^0.2.2"
      }
    },
    "extend": {
      "version": "3.0.2",
      "resolved": "https://registry.npmjs.org/extend/-/extend-3.0.2.tgz",
      "integrity": "sha512-fjquC59cD7CyW6urNXK0FBufkZcoiGG80wTuPujX590cB5Ttln20E2UB4S/WARVqhXffZl2LNgS+gQdPIIim/g==",
      "dev": true
    },
    "is-arrayish": {
      "version": "0.3.2",
      "resolved": "https://registry.npmjs.org/is-arrayish/-/is-arrayish-0.3.2.tgz",
      "integrity": "sha512-eVRqCvVlZbuw3GrM63ovNSNAeA1K16kaR/LRY/92w0zxQ5/1YzwblUX652i4Xs9RwAGjW9d9y6X88t8OaAJfWQ==",
      "dev": true
    },
    "is-buffer": {
      "version": "2.0.5",
      "resolved": "https://registry.npmjs.org/is-buffer/-/is-buffer-2.0.5.tgz",
      "integrity": "sha512-i2R6zNFDwgEHJyQUtJEk0XFi1i0dPFn/oqjK3/vPCcDeJvW5NQ83V8QbicfF1SupOaB0h8ntgBC2YiE7dfyctQ==",
      "dev": true
    },
    "is-plain-obj": {
      "version": "4.1.0",
      "resolved": "https://registry.npmjs.org/is-plain-obj/-/is-plain-obj-4.1.0.tgz",
      "integrity": "sha512-+Pgi+vMuUNkJyExiMBt5IlFoMyKnr5zhJ4Uspz58WOhBF5QoIZkFyNHIbBAtHwzVAgk5RtndVNsDRN61/mmDqg==",
      "dev": true
    },
    "prettier": {
      "version": "2.8.3",
      "resolved": "https://registry.npmjs.org/prettier/-/prettier-2.8.3.tgz",
      "integrity": "sha512-tJ/oJ4amDihPoufT5sM0Z1SKEuKay8LfVAMlbbhnnkvt6BUserZylqo2PN+p9KeljLr0OHa2rXHU1T8reeoTrw==",
      "dev": true
    },
    "prettier-plugin-latex": {
      "version": "1.2.4",
      "resolved": "https://registry.npmjs.org/prettier-plugin-latex/-/prettier-plugin-latex-1.2.4.tgz",
      "integrity": "sha512-FY83lz01385CK+cW4pC642oftuo1fqXRfyOoszEIno3ZwRqCeUTPb6gMX2ARse3xrvaua9FTY4q6v8l/h6DUGQ==",
      "dev": true,
      "requires": {
        "@unified-latex/unified-latex-prettier": "^1.0.5",
        "@unified-latex/unified-latex-util-parse": "^1.0.5",
        "@unified-latex/unified-latex-util-print-raw": "^1.0.5",
        "prettier": "^2.6.2"
      }
    },
    "simple-swizzle": {
      "version": "0.2.2",
      "resolved": "https://registry.npmjs.org/simple-swizzle/-/simple-swizzle-0.2.2.tgz",
      "integrity": "sha512-JA//kQgZtbuY83m+xT+tXJkmJncGMTFT+C+g2h2R9uxkYIrE2yy9sgmcLhCnw57/WSD+Eh3J97FPEDFnbXnDUg==",
      "dev": true,
      "requires": {
        "is-arrayish": "^0.3.1"
      }
    },
    "trough": {
      "version": "2.1.0",
      "resolved": "https://registry.npmjs.org/trough/-/trough-2.1.0.tgz",
      "integrity": "sha512-AqTiAOLcj85xS7vQ8QkAV41hPDIJ71XJB4RCUrzo/1GM2CQwhkJGaf9Hgr7BOugMRpgGUrqRg/DrBDl4H40+8g==",
      "dev": true
    },
    "unified": {
      "version": "10.1.2",
      "resolved": "https://registry.npmjs.org/unified/-/unified-10.1.2.tgz",
      "integrity": "sha512-pUSWAi/RAnVy1Pif2kAoeWNBa3JVrx0MId2LASj8G+7AiHWoKZNTomq6LG326T68U7/e263X6fTdcXIy7XnF7Q==",
      "dev": true,
      "requires": {
        "@types/unist": "^2.0.0",
        "bail": "^2.0.0",
        "extend": "^3.0.0",
        "is-buffer": "^2.0.0",
        "is-plain-obj": "^4.0.0",
        "trough": "^2.0.0",
        "vfile": "^5.0.0"
      }
    },
    "unist-util-stringify-position": {
      "version": "3.0.3",
      "resolved": "https://registry.npmjs.org/unist-util-stringify-position/-/unist-util-stringify-position-3.0.3.tgz",
      "integrity": "sha512-k5GzIBZ/QatR8N5X2y+drfpWG8IDBzdnVj6OInRNWm1oXrzydiaAT2OQiA8DPRRZyAKb9b6I2a6PxYklZD0gKg==",
      "dev": true,
      "requires": {
        "@types/unist": "^2.0.0"
      }
    },
    "vfile": {
      "version": "5.3.6",
      "resolved": "https://registry.npmjs.org/vfile/-/vfile-5.3.6.tgz",
      "integrity": "sha512-ADBsmerdGBs2WYckrLBEmuETSPyTD4TuLxTrw0DvjirxW1ra4ZwkbzG8ndsv3Q57smvHxo677MHaQrY9yxH8cA==",
      "dev": true,
      "requires": {
        "@types/unist": "^2.0.0",
        "is-buffer": "^2.0.0",
        "unist-util-stringify-position": "^3.0.0",
        "vfile-message": "^3.0.0"
      }
    },
    "vfile-message": {
      "version": "3.1.3",
      "resolved": "https://registry.npmjs.org/vfile-message/-/vfile-message-3.1.3.tgz",
      "integrity": "sha512-0yaU+rj2gKAyEk12ffdSbBfjnnj+b1zqTBv3OQCTn8yEB02bsPizwdBPrLJjHnK+cU9EMMcUnNv938XcZIkmdA==",
      "dev": true,
      "requires": {
        "@types/unist": "^2.0.0",
        "unist-util-stringify-position": "^3.0.0"
      }
    }
  }
}
